// !$*UTF8*$!
{
	archiveVersion = 1;
	classes = {
	};
	objectVersion = 56;
	objects = {

/* Begin PBXBuildFile section */
		9F5020962B261BD90071109A /* TrebuchetView.swift in Sources */ = {isa = PBXBuildFile; fileRef = 9F5020952B261BD90071109A /* TrebuchetView.swift */; };
		9F5020992B261D580071109A /* Color.swift in Sources */ = {isa = PBXBuildFile; fileRef = 9F5020982B261D580071109A /* Color.swift */; };
		9F50209B2B2626560071109A /* TrebuchetSolution.swift in Sources */ = {isa = PBXBuildFile; fileRef = 9F50209A2B2626560071109A /* TrebuchetSolution.swift */; };
		9FE0A0382B1C981D00351F1F /* AdventOfCode2023App.swift in Sources */ = {isa = PBXBuildFile; fileRef = 9FE0A0372B1C981D00351F1F /* AdventOfCode2023App.swift */; };
		9FE0A03A2B1C981D00351F1F /* ContentView.swift in Sources */ = {isa = PBXBuildFile; fileRef = 9FE0A0392B1C981D00351F1F /* ContentView.swift */; };
		9FE0A03C2B1C981E00351F1F /* Assets.xcassets in Resources */ = {isa = PBXBuildFile; fileRef = 9FE0A03B2B1C981E00351F1F /* Assets.xcassets */; };
		9FE0A03F2B1C981E00351F1F /* Preview Assets.xcassets in Resources */ = {isa = PBXBuildFile; fileRef = 9FE0A03E2B1C981E00351F1F /* Preview Assets.xcassets */; };
/* End PBXBuildFile section */

/* Begin PBXFileReference section */
		9F1E40412B2A69D800E3B4F0 /* 6.2_WaitForIt2Playground.playground */ = {isa = PBXFileReference; lastKnownFileType = file.playground; path = 6.2_WaitForIt2Playground.playground; sourceTree = "<group>"; xcLanguageSpecificationIdentifier = xcode.lang.swift; };
		9F5020952B261BD90071109A /* TrebuchetView.swift */ = {isa = PBXFileReference; lastKnownFileType = sourcecode.swift; path = TrebuchetView.swift; sourceTree = "<group>"; };
		9F5020982B261D580071109A /* Color.swift */ = {isa = PBXFileReference; lastKnownFileType = sourcecode.swift; path = Color.swift; sourceTree = "<group>"; };
		9F50209A2B2626560071109A /* TrebuchetSolution.swift */ = {isa = PBXFileReference; lastKnownFileType = sourcecode.swift; path = TrebuchetSolution.swift; sourceTree = "<group>"; };
		9F50209C2B262D890071109A /* TrebuchetPlayground.playground */ = {isa = PBXFileReference; lastKnownFileType = file.playground; path = TrebuchetPlayground.playground; sourceTree = "<group>"; xcLanguageSpecificationIdentifier = xcode.lang.swift; };
		9F50209E2B262E3D0071109A /* Trebuchet2Playground.playground */ = {isa = PBXFileReference; lastKnownFileType = file.playground; path = Trebuchet2Playground.playground; sourceTree = "<group>"; xcLanguageSpecificationIdentifier = xcode.lang.swift; };
		9F5020A12B2638A20071109A /* CubeConundrumPlayground.playground */ = {isa = PBXFileReference; lastKnownFileType = file.playground; name = CubeConundrumPlayground.playground; path = AdventOfCode2023/2.1_CubeConundrum/CubeConundrumPlayground.playground; sourceTree = SOURCE_ROOT; xcLanguageSpecificationIdentifier = xcode.lang.swift; };
		9F5020A22B265C020071109A /* 2.2_CubeConundrum2Playground.playground */ = {isa = PBXFileReference; lastKnownFileType = file.playground; path = 2.2_CubeConundrum2Playground.playground; sourceTree = "<group>"; xcLanguageSpecificationIdentifier = xcode.lang.swift; };
		9F5020A42B2666730071109A /* 5.1_IfYouGiveASeedAFertilizerPlayground.playground */ = {isa = PBXFileReference; lastKnownFileType = file.playground; path = 5.1_IfYouGiveASeedAFertilizerPlayground.playground; sourceTree = "<group>"; xcLanguageSpecificationIdentifier = xcode.lang.swift; };
		9F5020A82B276F000071109A /* 5.2_IfYouGiveASeedAFertilizer2Playground.playground */ = {isa = PBXFileReference; lastKnownFileType = file.playground; path = 5.2_IfYouGiveASeedAFertilizer2Playground.playground; sourceTree = "<group>"; xcLanguageSpecificationIdentifier = xcode.lang.swift; };
		9F60C8F82B2B8E7400372857 /* 7.1_CamelCardsPlayground.playground */ = {isa = PBXFileReference; lastKnownFileType = file.playground; path = 7.1_CamelCardsPlayground.playground; sourceTree = "<group>"; xcLanguageSpecificationIdentifier = xcode.lang.swift; };
		9F60C8FA2B2D022500372857 /* 7.2_CamelCards2Playground.playground */ = {isa = PBXFileReference; lastKnownFileType = file.playground; path = 7.2_CamelCards2Playground.playground; sourceTree = "<group>"; xcLanguageSpecificationIdentifier = xcode.lang.swift; };
		9F60C8FC2B2D13CC00372857 /* 8.1_HauntedWastelandPlayground.playground */ = {isa = PBXFileReference; lastKnownFileType = file.playground; path = 8.1_HauntedWastelandPlayground.playground; sourceTree = "<group>"; xcLanguageSpecificationIdentifier = xcode.lang.swift; };
		9F91B8A12B2926B200D6D069 /* WaitForItPlayground.playground */ = {isa = PBXFileReference; lastKnownFileType = file.playground; path = WaitForItPlayground.playground; sourceTree = "<group>"; xcLanguageSpecificationIdentifier = xcode.lang.swift; };
		9FE0A0342B1C981D00351F1F /* AdventOfCode2023.app */ = {isa = PBXFileReference; explicitFileType = wrapper.application; includeInIndex = 0; path = AdventOfCode2023.app; sourceTree = BUILT_PRODUCTS_DIR; };
		9FE0A0372B1C981D00351F1F /* AdventOfCode2023App.swift */ = {isa = PBXFileReference; lastKnownFileType = sourcecode.swift; path = AdventOfCode2023App.swift; sourceTree = "<group>"; };
		9FE0A0392B1C981D00351F1F /* ContentView.swift */ = {isa = PBXFileReference; lastKnownFileType = sourcecode.swift; path = ContentView.swift; sourceTree = "<group>"; };
		9FE0A03B2B1C981E00351F1F /* Assets.xcassets */ = {isa = PBXFileReference; lastKnownFileType = folder.assetcatalog; path = Assets.xcassets; sourceTree = "<group>"; };
		9FE0A03E2B1C981E00351F1F /* Preview Assets.xcassets */ = {isa = PBXFileReference; lastKnownFileType = folder.assetcatalog; path = "Preview Assets.xcassets"; sourceTree = "<group>"; };
/* End PBXFileReference section */

/* Begin PBXFrameworksBuildPhase section */
		9FE0A0312B1C981D00351F1F /* Frameworks */ = {
			isa = PBXFrameworksBuildPhase;
			buildActionMask = 2147483647;
			files = (
			);
			runOnlyForDeploymentPostprocessing = 0;
		};
/* End PBXFrameworksBuildPhase section */

/* Begin PBXGroup section */
		9F1E40402B2A69D800E3B4F0 /* 6.2_WaitForIt2 */ = {
			isa = PBXGroup;
			children = (
				9F1E40412B2A69D800E3B4F0 /* 6.2_WaitForIt2Playground.playground */,
			);
			path = 6.2_WaitForIt2;
			sourceTree = "<group>";
		};
		9F5020942B261BA70071109A /* 1.1_Trebuchet */ = {
			isa = PBXGroup;
			children = (
				9F5020952B261BD90071109A /* TrebuchetView.swift */,
				9F50209A2B2626560071109A /* TrebuchetSolution.swift */,
				9F50209C2B262D890071109A /* TrebuchetPlayground.playground */,
			);
			path = 1.1_Trebuchet;
			sourceTree = "<group>";
		};
		9F5020972B261D460071109A /* Extensions */ = {
			isa = PBXGroup;
			children = (
				9F5020982B261D580071109A /* Color.swift */,
			);
			path = Extensions;
			sourceTree = "<group>";
		};
		9F50209D2B262E1A0071109A /* 1.2_Trebuchet2 */ = {
			isa = PBXGroup;
			children = (
				9F50209E2B262E3D0071109A /* Trebuchet2Playground.playground */,
			);
			path = 1.2_Trebuchet2;
			sourceTree = "<group>";
		};
		9F50209F2B262FAC0071109A /* 2.1_CubeConundrum */ = {
			isa = PBXGroup;
			children = (
				9F5020A12B2638A20071109A /* CubeConundrumPlayground.playground */,
			);
			path = 2.1_CubeConundrum;
			sourceTree = "<group>";
		};
		9F5020A02B262FCD0071109A /* 2.2_CubeConundrum2 */ = {
			isa = PBXGroup;
			children = (
				9F5020A22B265C020071109A /* 2.2_CubeConundrum2Playground.playground */,
			);
			path = 2.2_CubeConundrum2;
			sourceTree = "<group>";
		};
		9F5020A32B2665F40071109A /* 5.1_IfYouGiveASeedAFertilizer */ = {
			isa = PBXGroup;
			children = (
				9F5020A42B2666730071109A /* 5.1_IfYouGiveASeedAFertilizerPlayground.playground */,
			);
			path = 5.1_IfYouGiveASeedAFertilizer;
			sourceTree = "<group>";
		};
		9F5020A72B276ECF0071109A /* 5.2_IfYouGiveASeedAFertilizer2 */ = {
			isa = PBXGroup;
			children = (
				9F5020A82B276F000071109A /* 5.2_IfYouGiveASeedAFertilizer2Playground.playground */,
			);
			path = 5.2_IfYouGiveASeedAFertilizer2;
			sourceTree = "<group>";
		};
		9F60C8F72B2B8E2E00372857 /* 7.1_CamelCards */ = {
			isa = PBXGroup;
			children = (
				9F60C8F82B2B8E7400372857 /* 7.1_CamelCardsPlayground.playground */,
			);
			path = 7.1_CamelCards;
			sourceTree = "<group>";
		};
		9F60C8F92B2D01D800372857 /* 7.2_CamelCards2 */ = {
			isa = PBXGroup;
			children = (
				9F60C8FA2B2D022500372857 /* 7.2_CamelCards2Playground.playground */,
			);
			path = 7.2_CamelCards2;
			sourceTree = "<group>";
		};
		9F60C8FB2B2D13A800372857 /* 8.1_HauntedWasteland */ = {
			isa = PBXGroup;
			children = (
				9F60C8FC2B2D13CC00372857 /* 8.1_HauntedWastelandPlayground.playground */,
			);
			path = 8.1_HauntedWasteland;
			sourceTree = "<group>";
		};
		9F91B8A02B29262600D6D069 /* 6.1_WaitForIt */ = {
			isa = PBXGroup;
			children = (
				9F91B8A12B2926B200D6D069 /* WaitForItPlayground.playground */,
			);
			path = 6.1_WaitForIt;
			sourceTree = "<group>";
		};
		9FE0A02B2B1C981D00351F1F = {
			isa = PBXGroup;
			children = (
				9FE0A0362B1C981D00351F1F /* AdventOfCode2023 */,
				9FE0A0352B1C981D00351F1F /* Products */,
			);
			sourceTree = "<group>";
		};
		9FE0A0352B1C981D00351F1F /* Products */ = {
			isa = PBXGroup;
			children = (
				9FE0A0342B1C981D00351F1F /* AdventOfCode2023.app */,
			);
			name = Products;
			sourceTree = "<group>";
		};
		9FE0A0362B1C981D00351F1F /* AdventOfCode2023 */ = {
			isa = PBXGroup;
			children = (
				9FE0A0372B1C981D00351F1F /* AdventOfCode2023App.swift */,
				9FE0A0392B1C981D00351F1F /* ContentView.swift */,
				9F5020972B261D460071109A /* Extensions */,
				9F5020942B261BA70071109A /* 1.1_Trebuchet */,
				9F50209D2B262E1A0071109A /* 1.2_Trebuchet2 */,
				9F50209F2B262FAC0071109A /* 2.1_CubeConundrum */,
				9F5020A02B262FCD0071109A /* 2.2_CubeConundrum2 */,
				9F5020A32B2665F40071109A /* 5.1_IfYouGiveASeedAFertilizer */,
				9F5020A72B276ECF0071109A /* 5.2_IfYouGiveASeedAFertilizer2 */,
				9F91B8A02B29262600D6D069 /* 6.1_WaitForIt */,
				9F1E40402B2A69D800E3B4F0 /* 6.2_WaitForIt2 */,
				9F60C8F72B2B8E2E00372857 /* 7.1_CamelCards */,
				9F60C8F92B2D01D800372857 /* 7.2_CamelCards2 */,
				9F60C8FB2B2D13A800372857 /* 8.1_HauntedWasteland */,
				9FE0A03B2B1C981E00351F1F /* Assets.xcassets */,
				9FE0A03D2B1C981E00351F1F /* Preview Content */,
			);
			path = AdventOfCode2023;
			sourceTree = "<group>";
		};
		9FE0A03D2B1C981E00351F1F /* Preview Content */ = {
			isa = PBXGroup;
			children = (
				9FE0A03E2B1C981E00351F1F /* Preview Assets.xcassets */,
			);
			path = "Preview Content";
			sourceTree = "<group>";
		};
/* End PBXGroup section */

/* Begin PBXNativeTarget section */
		9FE0A0332B1C981D00351F1F /* AdventOfCode2023 */ = {
			isa = PBXNativeTarget;
			buildConfigurationList = 9FE0A0422B1C981E00351F1F /* Build configuration list for PBXNativeTarget "AdventOfCode2023" */;
			buildPhases = (
				9FE0A0302B1C981D00351F1F /* Sources */,
				9FE0A0312B1C981D00351F1F /* Frameworks */,
				9FE0A0322B1C981D00351F1F /* Resources */,
			);
			buildRules = (
			);
			dependencies = (
			);
			name = AdventOfCode2023;
			productName = AdventOfCode2023;
			productReference = 9FE0A0342B1C981D00351F1F /* AdventOfCode2023.app */;
			productType = "com.apple.product-type.application";
		};
/* End PBXNativeTarget section */

/* Begin PBXProject section */
		9FE0A02C2B1C981D00351F1F /* Project object */ = {
			isa = PBXProject;
			attributes = {
				BuildIndependentTargetsInParallel = 1;
				LastSwiftUpdateCheck = 1500;
				LastUpgradeCheck = 1500;
				TargetAttributes = {
					9FE0A0332B1C981D00351F1F = {
						CreatedOnToolsVersion = 15.0.1;
					};
				};
			};
			buildConfigurationList = 9FE0A02F2B1C981D00351F1F /* Build configuration list for PBXProject "AdventOfCode2023" */;
			compatibilityVersion = "Xcode 14.0";
			developmentRegion = en;
			hasScannedForEncodings = 0;
			knownRegions = (
				en,
				Base,
			);
			mainGroup = 9FE0A02B2B1C981D00351F1F;
			productRefGroup = 9FE0A0352B1C981D00351F1F /* Products */;
			projectDirPath = "";
			projectRoot = "";
			targets = (
				9FE0A0332B1C981D00351F1F /* AdventOfCode2023 */,
			);
		};
/* End PBXProject section */

/* Begin PBXResourcesBuildPhase section */
		9FE0A0322B1C981D00351F1F /* Resources */ = {
			isa = PBXResourcesBuildPhase;
			buildActionMask = 2147483647;
			files = (
				9FE0A03F2B1C981E00351F1F /* Preview Assets.xcassets in Resources */,
				9FE0A03C2B1C981E00351F1F /* Assets.xcassets in Resources */,
			);
			runOnlyForDeploymentPostprocessing = 0;
		};
/* End PBXResourcesBuildPhase section */

/* Begin PBXSourcesBuildPhase section */
		9FE0A0302B1C981D00351F1F /* Sources */ = {
			isa = PBXSourcesBuildPhase;
			buildActionMask = 2147483647;
			files = (
				9FE0A03A2B1C981D00351F1F /* ContentView.swift in Sources */,
				9F5020992B261D580071109A /* Color.swift in Sources */,
				9F5020962B261BD90071109A /* TrebuchetView.swift in Sources */,
				9FE0A0382B1C981D00351F1F /* AdventOfCode2023App.swift in Sources */,
				9F50209B2B2626560071109A /* TrebuchetSolution.swift in Sources */,
			);
			runOnlyForDeploymentPostprocessing = 0;
		};
/* End PBXSourcesBuildPhase section */

/* Begin XCBuildConfiguration section */
		9FE0A0402B1C981E00351F1F /* Debug */ = {
			isa = XCBuildConfiguration;
			buildSettings = {
				ALWAYS_SEARCH_USER_PATHS = NO;
				ASSETCATALOG_COMPILER_GENERATE_SWIFT_ASSET_SYMBOL_EXTENSIONS = YES;
				CLANG_ANALYZER_NONNULL = YES;
				CLANG_ANALYZER_NUMBER_OBJECT_CONVERSION = YES_AGGRESSIVE;
				CLANG_CXX_LANGUAGE_STANDARD = "gnu++20";
				CLANG_ENABLE_MODULES = YES;
				CLANG_ENABLE_OBJC_ARC = YES;
				CLANG_ENABLE_OBJC_WEAK = YES;
				CLANG_WARN_BLOCK_CAPTURE_AUTORELEASING = YES;
				CLANG_WARN_BOOL_CONVERSION = YES;
				CLANG_WARN_COMMA = YES;
				CLANG_WARN_CONSTANT_CONVERSION = YES;
				CLANG_WARN_DEPRECATED_OBJC_IMPLEMENTATIONS = YES;
				CLANG_WARN_DIRECT_OBJC_ISA_USAGE = YES_ERROR;
				CLANG_WARN_DOCUMENTATION_COMMENTS = YES;
				CLANG_WARN_EMPTY_BODY = YES;
				CLANG_WARN_ENUM_CONVERSION = YES;
				CLANG_WARN_INFINITE_RECURSION = YES;
				CLANG_WARN_INT_CONVERSION = YES;
				CLANG_WARN_NON_LITERAL_NULL_CONVERSION = YES;
				CLANG_WARN_OBJC_IMPLICIT_RETAIN_SELF = YES;
				CLANG_WARN_OBJC_LITERAL_CONVERSION = YES;
				CLANG_WARN_OBJC_ROOT_CLASS = YES_ERROR;
				CLANG_WARN_QUOTED_INCLUDE_IN_FRAMEWORK_HEADER = YES;
				CLANG_WARN_RANGE_LOOP_ANALYSIS = YES;
				CLANG_WARN_STRICT_PROTOTYPES = YES;
				CLANG_WARN_SUSPICIOUS_MOVE = YES;
				CLANG_WARN_UNGUARDED_AVAILABILITY = YES_AGGRESSIVE;
				CLANG_WARN_UNREACHABLE_CODE = YES;
				CLANG_WARN__DUPLICATE_METHOD_MATCH = YES;
				COPY_PHASE_STRIP = NO;
				DEBUG_INFORMATION_FORMAT = dwarf;
				ENABLE_STRICT_OBJC_MSGSEND = YES;
				ENABLE_TESTABILITY = YES;
				ENABLE_USER_SCRIPT_SANDBOXING = YES;
				GCC_C_LANGUAGE_STANDARD = gnu17;
				GCC_DYNAMIC_NO_PIC = NO;
				GCC_NO_COMMON_BLOCKS = YES;
				GCC_OPTIMIZATION_LEVEL = 0;
				GCC_PREPROCESSOR_DEFINITIONS = (
					"DEBUG=1",
					"$(inherited)",
				);
				GCC_WARN_64_TO_32_BIT_CONVERSION = YES;
				GCC_WARN_ABOUT_RETURN_TYPE = YES_ERROR;
				GCC_WARN_UNDECLARED_SELECTOR = YES;
				GCC_WARN_UNINITIALIZED_AUTOS = YES_AGGRESSIVE;
				GCC_WARN_UNUSED_FUNCTION = YES;
				GCC_WARN_UNUSED_VARIABLE = YES;
				IPHONEOS_DEPLOYMENT_TARGET = 17.0;
				LOCALIZATION_PREFERS_STRING_CATALOGS = YES;
				MTL_ENABLE_DEBUG_INFO = INCLUDE_SOURCE;
				MTL_FAST_MATH = YES;
				ONLY_ACTIVE_ARCH = YES;
				SDKROOT = iphoneos;
				SWIFT_ACTIVE_COMPILATION_CONDITIONS = "DEBUG $(inherited)";
				SWIFT_OPTIMIZATION_LEVEL = "-Onone";
			};
			name = Debug;
		};
		9FE0A0412B1C981E00351F1F /* Release */ = {
			isa = XCBuildConfiguration;
			buildSettings = {
				ALWAYS_SEARCH_USER_PATHS = NO;
				ASSETCATALOG_COMPILER_GENERATE_SWIFT_ASSET_SYMBOL_EXTENSIONS = YES;
				CLANG_ANALYZER_NONNULL = YES;
				CLANG_ANALYZER_NUMBER_OBJECT_CONVERSION = YES_AGGRESSIVE;
				CLANG_CXX_LANGUAGE_STANDARD = "gnu++20";
				CLANG_ENABLE_MODULES = YES;
				CLANG_ENABLE_OBJC_ARC = YES;
				CLANG_ENABLE_OBJC_WEAK = YES;
				CLANG_WARN_BLOCK_CAPTURE_AUTORELEASING = YES;
				CLANG_WARN_BOOL_CONVERSION = YES;
				CLANG_WARN_COMMA = YES;
				CLANG_WARN_CONSTANT_CONVERSION = YES;
				CLANG_WARN_DEPRECATED_OBJC_IMPLEMENTATIONS = YES;
				CLANG_WARN_DIRECT_OBJC_ISA_USAGE = YES_ERROR;
				CLANG_WARN_DOCUMENTATION_COMMENTS = YES;
				CLANG_WARN_EMPTY_BODY = YES;
				CLANG_WARN_ENUM_CONVERSION = YES;
				CLANG_WARN_INFINITE_RECURSION = YES;
				CLANG_WARN_INT_CONVERSION = YES;
				CLANG_WARN_NON_LITERAL_NULL_CONVERSION = YES;
				CLANG_WARN_OBJC_IMPLICIT_RETAIN_SELF = YES;
				CLANG_WARN_OBJC_LITERAL_CONVERSION = YES;
				CLANG_WARN_OBJC_ROOT_CLASS = YES_ERROR;
				CLANG_WARN_QUOTED_INCLUDE_IN_FRAMEWORK_HEADER = YES;
				CLANG_WARN_RANGE_LOOP_ANALYSIS = YES;
				CLANG_WARN_STRICT_PROTOTYPES = YES;
				CLANG_WARN_SUSPICIOUS_MOVE = YES;
				CLANG_WARN_UNGUARDED_AVAILABILITY = YES_AGGRESSIVE;
				CLANG_WARN_UNREACHABLE_CODE = YES;
				CLANG_WARN__DUPLICATE_METHOD_MATCH = YES;
				COPY_PHASE_STRIP = NO;
				DEBUG_INFORMATION_FORMAT = "dwarf-with-dsym";
				ENABLE_NS_ASSERTIONS = NO;
				ENABLE_STRICT_OBJC_MSGSEND = YES;
				ENABLE_USER_SCRIPT_SANDBOXING = YES;
				GCC_C_LANGUAGE_STANDARD = gnu17;
				GCC_NO_COMMON_BLOCKS = YES;
				GCC_WARN_64_TO_32_BIT_CONVERSION = YES;
				GCC_WARN_ABOUT_RETURN_TYPE = YES_ERROR;
				GCC_WARN_UNDECLARED_SELECTOR = YES;
				GCC_WARN_UNINITIALIZED_AUTOS = YES_AGGRESSIVE;
				GCC_WARN_UNUSED_FUNCTION = YES;
				GCC_WARN_UNUSED_VARIABLE = YES;
				IPHONEOS_DEPLOYMENT_TARGET = 17.0;
				LOCALIZATION_PREFERS_STRING_CATALOGS = YES;
				MTL_ENABLE_DEBUG_INFO = NO;
				MTL_FAST_MATH = YES;
				SDKROOT = iphoneos;
				SWIFT_COMPILATION_MODE = wholemodule;
				VALIDATE_PRODUCT = YES;
			};
			name = Release;
		};
		9FE0A0432B1C981E00351F1F /* Debug */ = {
			isa = XCBuildConfiguration;
			buildSettings = {
				ASSETCATALOG_COMPILER_APPICON_NAME = AppIcon;
				ASSETCATALOG_COMPILER_GLOBAL_ACCENT_COLOR_NAME = AccentColor;
				CODE_SIGN_STYLE = Automatic;
				CURRENT_PROJECT_VERSION = 1;
				DEVELOPMENT_ASSET_PATHS = "\"AdventOfCode2023/Preview Content\"";
				DEVELOPMENT_TEAM = 8Y2GLVDA82;
				ENABLE_PREVIEWS = YES;
				GENERATE_INFOPLIST_FILE = YES;
				INFOPLIST_KEY_UIApplicationSceneManifest_Generation = YES;
				INFOPLIST_KEY_UIApplicationSupportsIndirectInputEvents = YES;
				INFOPLIST_KEY_UILaunchScreen_Generation = YES;
				INFOPLIST_KEY_UISupportedInterfaceOrientations_iPad = "UIInterfaceOrientationPortrait UIInterfaceOrientationPortraitUpsideDown UIInterfaceOrientationLandscapeLeft UIInterfaceOrientationLandscapeRight";
				INFOPLIST_KEY_UISupportedInterfaceOrientations_iPhone = "UIInterfaceOrientationPortrait UIInterfaceOrientationLandscapeLeft UIInterfaceOrientationLandscapeRight";
				LD_RUNPATH_SEARCH_PATHS = (
					"$(inherited)",
					"@executable_path/Frameworks",
				);
				MARKETING_VERSION = 1.0;
				PRODUCT_BUNDLE_IDENTIFIER = valerasworld.AdventOfCode2023;
				PRODUCT_NAME = "$(TARGET_NAME)";
				SWIFT_EMIT_LOC_STRINGS = YES;
				SWIFT_VERSION = 5.0;
				TARGETED_DEVICE_FAMILY = "1,2";
			};
			name = Debug;
		};
		9FE0A0442B1C981E00351F1F /* Release */ = {
			isa = XCBuildConfiguration;
			buildSettings = {
				ASSETCATALOG_COMPILER_APPICON_NAME = AppIcon;
				ASSETCATALOG_COMPILER_GLOBAL_ACCENT_COLOR_NAME = AccentColor;
				CODE_SIGN_STYLE = Automatic;
				CURRENT_PROJECT_VERSION = 1;
				DEVELOPMENT_ASSET_PATHS = "\"AdventOfCode2023/Preview Content\"";
				DEVELOPMENT_TEAM = 8Y2GLVDA82;
				ENABLE_PREVIEWS = YES;
				GENERATE_INFOPLIST_FILE = YES;
				INFOPLIST_KEY_UIApplicationSceneManifest_Generation = YES;
				INFOPLIST_KEY_UIApplicationSupportsIndirectInputEvents = YES;
				INFOPLIST_KEY_UILaunchScreen_Generation = YES;
				INFOPLIST_KEY_UISupportedInterfaceOrientations_iPad = "UIInterfaceOrientationPortrait UIInterfaceOrientationPortraitUpsideDown UIInterfaceOrientationLandscapeLeft UIInterfaceOrientationLandscapeRight";
				INFOPLIST_KEY_UISupportedInterfaceOrientations_iPhone = "UIInterfaceOrientationPortrait UIInterfaceOrientationLandscapeLeft UIInterfaceOrientationLandscapeRight";
				LD_RUNPATH_SEARCH_PATHS = (
					"$(inherited)",
					"@executable_path/Frameworks",
				);
				MARKETING_VERSION = 1.0;
				PRODUCT_BUNDLE_IDENTIFIER = valerasworld.AdventOfCode2023;
				PRODUCT_NAME = "$(TARGET_NAME)";
				SWIFT_EMIT_LOC_STRINGS = YES;
				SWIFT_VERSION = 5.0;
				TARGETED_DEVICE_FAMILY = "1,2";
			};
			name = Release;
		};
/* End XCBuildConfiguration section */

/* Begin XCConfigurationList section */
		9FE0A02F2B1C981D00351F1F /* Build configuration list for PBXProject "AdventOfCode2023" */ = {
			isa = XCConfigurationList;
			buildConfigurations = (
				9FE0A0402B1C981E00351F1F /* Debug */,
				9FE0A0412B1C981E00351F1F /* Release */,
			);
			defaultConfigurationIsVisible = 0;
			defaultConfigurationName = Release;
		};
		9FE0A0422B1C981E00351F1F /* Build configuration list for PBXNativeTarget "AdventOfCode2023" */ = {
			isa = XCConfigurationList;
			buildConfigurations = (
				9FE0A0432B1C981E00351F1F /* Debug */,
				9FE0A0442B1C981E00351F1F /* Release */,
			);
			defaultConfigurationIsVisible = 0;
			defaultConfigurationName = Release;
		};
/* End XCConfigurationList section */
	};
	rootObject = 9FE0A02C2B1C981D00351F1F /* Project object */;
}
